<?xml version="1.0" encoding="UTF-8" standalone="yes" ?>
<CodeBlocks_project_file>
	<FileVersion major="1" minor="6" />
	<Project>
		<Option title="smf" />
		<Option pch_mode="2" />
		<Option compiler="gcc" />
		<Build>
			<Target title="Debug">
				<Option output="bin/Debug/smf" prefix_auto="1" extension_auto="1" />
				<Option object_output="obj/Debug/" />
				<Option type="1" />
				<Option compiler="gcc" />
				<Compiler>
					<Add option="-g" />
					<Add directory="smf" />
					<Add directory="util" />
					<Add directory="../../../_portable/CodeBlocks/MinGW/include" />
				</Compiler>
				<Linker>
					<Add library="../../../_portable/CodeBlocks/MinGW/lib/libpthread.a" />
					<Add directory="../../../_portable/CodeBlocks/MinGW/lib" />
				</Linker>
			</Target>
			<Target title="Release">
				<Option output="bin/Release/smf" prefix_auto="1" extension_auto="1" />
				<Option object_output="obj/Release/" />
				<Option type="1" />
				<Option compiler="gcc" />
				<Compiler>
					<Add option="-O2" />
				</Compiler>
				<Linker>
					<Add option="-s" />
				</Linker>
			</Target>
		</Build>
		<Compiler>
			<Add option="-Wall" />
		</Compiler>
		<Unit filename="main.c">
			<Option compilerVar="CC" />
		</Unit>
		<Unit filename="smf/elem_test.c">
			<Option compilerVar="CC" />
		</Unit>
		<Unit filename="smf/smf_ctrl.c">
			<Option compilerVar="CC" />
		</Unit>
		<Unit filename="smf/smf_ctrl.h" />
		<Unit filename="smf/smf_def.h" />
		<Unit filename="smf/smf_elem_desc.h" />
		<Unit filename="smf/smf_err.h" />
		<Unit filename="smf/smf_pmsgq.c">
			<Option compilerVar="CC" />
		</Unit>
		<Unit filename="smf/smf_pmsgq.h" />
		<Unit filename="smf/smf_register.h" />
		<Unit filename="util/log.h" />
		<Unit filename="util/mbox.h" />
		<Extensions>
			<code_completion />
			<envvars />
			<debugger />
			<lib_finder disable_auto="1" />
		</Extensions>
	</Project>
</CodeBlocks_project_file>
